
Microsoft Visual Studio Solution File, Format Version 12.00
# Visual Studio Version 17
VisualStudioVersion = 17.13.35828.75 d17.13
MinimumVisualStudioVersion = 10.0.40219.1
Project("{FAE04EC0-301F-11D3-BF4B-00C04F79EFBC}") = "Review_Call_Preparation", "Review_Call_Preparation.csproj", "{411EAB18-CC6F-488E-B30D-7EAB556017E0}"
EndProject
Global
	GlobalSection(SolutionConfigurationPlatforms) = preSolution
		Debug|Any CPU = Debug|Any CPU
		Release|Any CPU = Release|Any CPU
	EndGlobalSection
	GlobalSection(ProjectConfigurationPlatforms) = postSolution
		{411EAB18-CC6F-488E-B30D-7EAB556017E0}.Debug|Any CPU.ActiveCfg = Debug|Any CPU
		{411EAB18-CC6F-488E-B30D-7EAB556017E0}.Debug|Any CPU.Build.0 = Debug|Any CPU
		{411EAB18-CC6F-488E-B30D-7EAB556017E0}.Release|Any CPU.ActiveCfg = Release|Any CPU
		{411EAB18-CC6F-488E-B30D-7EAB556017E0}.Release|Any CPU.Build.0 = Release|Any CPU
	EndGlobalSection
	GlobalSection(SolutionProperties) = preSolution
		HideSolutionNode = FALSE
	EndGlobalSection
	GlobalSection(ExtensibilityGlobals) = postSolution
		SolutionGuid = {73F35632-DE59-42AF-A1AB-E452FB4B180A}
	EndGlobalSection
EndGlobal
